
Microsoft Visual Studio Solution File, Format Version 12.00
# Visual Studio Version 16
VisualStudioVersion = 16.0.29418.71
MinimumVisualStudioVersion = 10.0.40219.1
Project("{FAE04EC0-301F-11D3-BF4B-00C04F79EFBC}") = "C-SharpBot", "C-SharpBot\C-SharpBot.csproj", "{A506655B-0BBC-4989-8A3E-DE6095D42503}"
EndProject
Project("{FAE04EC0-301F-11D3-BF4B-00C04F79EFBC}") = "C-SharpBot.Test", "C-SharpBot.Test\C-SharpBot.Test.csproj", "{ABAB3DB4-1D51-46F6-AC4E-03C3155F3A8C}"
EndProject
Global
	GlobalSection(SolutionConfigurationPlatforms) = preSolution
		Debug|Any CPU = Debug|Any CPU
		Release|Any CPU = Release|Any CPU
	EndGlobalSection
	GlobalSection(ProjectConfigurationPlatforms) = postSolution
		{A506655B-0BBC-4989-8A3E-DE6095D42503}.Debug|Any CPU.ActiveCfg = Debug|Any CPU
		{A506655B-0BBC-4989-8A3E-DE6095D42503}.Debug|Any CPU.Build.0 = Debug|Any CPU
		{A506655B-0BBC-4989-8A3E-DE6095D42503}.Release|Any CPU.ActiveCfg = Release|Any CPU
		{A506655B-0BBC-4989-8A3E-DE6095D42503}.Release|Any CPU.Build.0 = Release|Any CPU
		{ABAB3DB4-1D51-46F6-AC4E-03C3155F3A8C}.Debug|Any CPU.ActiveCfg = Debug|Any CPU
		{ABAB3DB4-1D51-46F6-AC4E-03C3155F3A8C}.Debug|Any CPU.Build.0 = Debug|Any CPU
		{ABAB3DB4-1D51-46F6-AC4E-03C3155F3A8C}.Release|Any CPU.ActiveCfg = Release|Any CPU
		{ABAB3DB4-1D51-46F6-AC4E-03C3155F3A8C}.Release|Any CPU.Build.0 = Release|Any CPU
	EndGlobalSection
	GlobalSection(SolutionProperties) = preSolution
		HideSolutionNode = FALSE
	EndGlobalSection
	GlobalSection(ExtensibilityGlobals) = postSolution
		SolutionGuid = {0C108D04-193D-4104-B820-9D71FF7E856F}
	EndGlobalSection
EndGlobal
